
Microsoft Visual Studio Solution File, Format Version 12.00
# Visual Studio Version 16
VisualStudioVersion = 16.0.29001.49
MinimumVisualStudioVersion = 10.0.40219.1
Project("{FAE04EC0-301F-11D3-BF4B-00C04F79EFBC}") = "UserMaintenance", "UserMaintenance\UserMaintenance.csproj", "{5AF6B36E-7D92-45E2-B756-6F174958B95F}"
EndProject
Global
	GlobalSection(SolutionConfigurationPlatforms) = preSolution
		Debug|Any CPU = Debug|Any CPU
		Release|Any CPU = Release|Any CPU
	EndGlobalSection
	GlobalSection(ProjectConfigurationPlatforms) = postSolution
		{5AF6B36E-7D92-45E2-B756-6F174958B95F}.Debug|Any CPU.ActiveCfg = Debug|Any CPU
		{5AF6B36E-7D92-45E2-B756-6F174958B95F}.Debug|Any CPU.Build.0 = Debug|Any CPU
		{5AF6B36E-7D92-45E2-B756-6F174958B95F}.Release|Any CPU.ActiveCfg = Release|Any CPU
		{5AF6B36E-7D92-45E2-B756-6F174958B95F}.Release|Any CPU.Build.0 = Release|Any CPU
	EndGlobalSection
	GlobalSection(SolutionProperties) = preSolution
		HideSolutionNode = FALSE
	EndGlobalSection
	GlobalSection(ExtensibilityGlobals) = postSolution
		SolutionGuid = {C26AB780-3EC0-4097-BC62-5AA1FB2A252B}
	EndGlobalSection
EndGlobal
